<?xml version="1.0" encoding="utf-8"?>
<Project ToolsVersion="4.0" xmlns="http://schemas.microsoft.com/developer/msbuild/2003">
  <ItemGroup>
    <Filter Include="Source Files">
      <UniqueIdentifier>{4FC737F1-C7A5-4376-A066-2A32D752A2FF}</UniqueIdentifier>
      <Extensions>cpp;c;cc;cxx;def;odl;idl;hpj;bat;asm;asmx</Extensions>
    </Filter>
    <Filter Include="Header Files">
      <UniqueIdentifier>{93995380-89BD-4b04-88EB-625FBE52EBFB}</UniqueIdentifier>
      <Extensions>h;hpp;hxx;hm;inl;inc;xsd</Extensions>
    </Filter>
    <Filter Include="Resource Files">
      <UniqueIdentifier>{67DA6AB6-F800-4c08-8B7A-83BB121AAD01}</UniqueIdentifier>
      <Extensions>rc;ico;cur;bmp;dlg;rc2;rct;bin;rgs;gif;jpg;jpeg;jpe;resx;tiff;tif;png;wav;mfcribbon-ms</Extensions>
    </Filter>
  </ItemGroup>
  <ItemGroup>
    <ClCompile Include="AssetManager.cpp">
      <Filter>Source Files</Filter>
    </ClCompile>
    <ClCompile Include="PlatformSpecific.cpp">
      <Filter>Source Files</Filter>
    </ClCompile>
    <ClCompile Include="AmalgamAPI.cpp">
      <Filter>Source Files</Filter>
    </ClCompile>
    <ClCompile Include="AmalgamMain.cpp">
      <Filter>Source Files</Filter>
    </ClCompile>
    <ClCompile Include="AmalgamTrace.cpp">
      <Filter>Source Files</Filter>
    </ClCompile>
    <ClCompile Include="PrintListener.cpp">
      <Filter>Source Files</Filter>
    </ClCompile>
    <ClCompile Include="BinaryPacking.cpp">
      <Filter>Source Files</Filter>
    </ClCompile>
    <ClCompile Include="importexport\FileSupportJSON.cpp">
      <Filter>Source Files</Filter>
    </ClCompile>
    <ClCompile Include="importexport\FileSupportCSV.cpp">
      <Filter>Source Files</Filter>
    </ClCompile>
    <ClCompile Include="rand\RandomStream.cpp">
      <Filter>Source Files</Filter>
    </ClCompile>
    <ClCompile Include="Concurrency.cpp">
      <Filter>Source Files</Filter>
    </ClCompile>
    <ClCompile Include="ThreadPool.cpp">
      <Filter>Source Files</Filter>
    </ClCompile>
    <ClCompile Include="SeparableBoxFilterDataStore.cpp">
      <Filter>Source Files</Filter>
    </ClCompile>
    <ClCompile Include="Opcodes.cpp">
      <Filter>Source Files</Filter>
    </ClCompile>
    <ClCompile Include="Parser.cpp">
      <Filter>Source Files</Filter>
    </ClCompile>
    <ClCompile Include="PerformanceProfiler.cpp">
      <Filter>Source Files</Filter>
    </ClCompile>
    <ClCompile Include="Cryptography.cpp">
      <Filter>Source Files</Filter>
    </ClCompile>
    <ClCompile Include="DateTimeFormat.cpp">
      <Filter>Source Files</Filter>
    </ClCompile>
    <ClCompile Include="entity\Entity.cpp">
      <Filter>Source Files</Filter>
    </ClCompile>
    <ClCompile Include="entity\EntityExternalInterface.cpp">
      <Filter>Source Files</Filter>
    </ClCompile>
    <ClCompile Include="entity\EntityManipulation.cpp">
      <Filter>Source Files</Filter>
    </ClCompile>
    <ClCompile Include="entity\EntityQueries.cpp">
      <Filter>Source Files</Filter>
    </ClCompile>
    <ClCompile Include="entity\EntityQueryCaches.cpp">
      <Filter>Source Files</Filter>
    </ClCompile>
    <ClCompile Include="entity\EntityWriteListener.cpp">
      <Filter>Source Files</Filter>
    </ClCompile>
    <ClCompile Include="evaluablenode\EvaluableNode.cpp">
      <Filter>Source Files</Filter>
    </ClCompile>
    <ClCompile Include="evaluablenode\EvaluableNodeManagement.cpp">
      <Filter>Source Files</Filter>
    </ClCompile>
    <ClCompile Include="evaluablenode\EvaluableNodeTreeDifference.cpp">
      <Filter>Source Files</Filter>
    </ClCompile>
    <ClCompile Include="evaluablenode\EvaluableNodeTreeFunctions.cpp">
      <Filter>Source Files</Filter>
    </ClCompile>
    <ClCompile Include="evaluablenode\EvaluableNodeTreeManipulation.cpp">
      <Filter>Source Files</Filter>
    </ClCompile>
    <ClCompile Include="interpreter\Interpreter.cpp">
      <Filter>Source Files</Filter>
    </ClCompile>
    <ClCompile Include="interpreter\InterpreterDebugger.cpp">
      <Filter>Source Files</Filter>
    </ClCompile>
    <ClCompile Include="interpreter\InterpreterOpcodesBase.cpp">
      <Filter>Source Files</Filter>
    </ClCompile>
    <ClCompile Include="interpreter\InterpreterOpcodesCodeMixing.cpp">
      <Filter>Source Files</Filter>
    </ClCompile>
    <ClCompile Include="interpreter\InterpreterOpcodesDataTypes.cpp">
      <Filter>Source Files</Filter>
    </ClCompile>
    <ClCompile Include="interpreter\InterpreterOpcodesEntityAccess.cpp">
      <Filter>Source Files</Filter>
    </ClCompile>
    <ClCompile Include="interpreter\InterpreterOpcodesEntityControl.cpp">
      <Filter>Source Files</Filter>
    </ClCompile>
    <ClCompile Include="interpreter\InterpreterOpcodesListManipulation.cpp">
      <Filter>Source Files</Filter>
    </ClCompile>
    <ClCompile Include="interpreter\InterpreterOpcodesLogic.cpp">
      <Filter>Source Files</Filter>
    </ClCompile>
    <ClCompile Include="interpreter\InterpreterOpcodesMath.cpp">
      <Filter>Source Files</Filter>
    </ClCompile>
    <ClCompile Include="interpreter\InterpreterOpcodesTransformations.cpp">
      <Filter>Source Files</Filter>
    </ClCompile>
    <ClCompile Include="string\StringInternPool.cpp">
      <Filter>Source Files</Filter>
    </ClCompile>
    <ClCompile Include="string\StringManipulation.cpp">
      <Filter>Source Files</Filter>
    </ClCompile>
    <ClCompile Include="..\3rd_party\date\tz.cpp">
      <Filter>Source Files</Filter>
    </ClCompile>
    <ClCompile Include="..\3rd_party\murmurhash3\MurmurHash3.cpp">
      <Filter>Source Files</Filter>
    </ClCompile>
    <ClCompile Include="..\3rd_party\simdjson\simdjson.cpp">
      <Filter>Source Files</Filter>
    </ClCompile>
    <ClCompile Include="..\3rd_party\swiftdtoa\SwiftDtoa.cpp">
      <Filter>Source Files</Filter>
    </ClCompile>
    <ClCompile Include="..\3rd_party\tweetnacl\tweetnacl.cpp">
      <Filter>Source Files</Filter>
    </ClCompile>
    <ClCompile Include="importexport\FileSupportYAML.cpp">
      <Filter>Source Files</Filter>
    </ClCompile>
  </ItemGroup>
  <ItemGroup>
    <ClInclude Include="AssetManager.h">
      <Filter>Header Files</Filter>
    </ClInclude>
    <ClInclude Include="resource.h">
      <Filter>Header Files</Filter>
    </ClInclude>
    <ClInclude Include="PlatformSpecific.h">
      <Filter>Header Files</Filter>
    </ClInclude>
    <ClInclude Include="Amalgam.h">
      <Filter>Header Files</Filter>
    </ClInclude>
    <ClInclude Include="PrintListener.h">
      <Filter>Header Files</Filter>
    </ClInclude>
    <ClInclude Include="GeneralizedDistance.h">
      <Filter>Header Files</Filter>
    </ClInclude>
    <ClInclude Include="FastMath.h">
      <Filter>Header Files</Filter>
    </ClInclude>
    <ClInclude Include="BinaryPacking.h">
      <Filter>Header Files</Filter>
    </ClInclude>
    <ClInclude Include="importexport\FileSupportJSON.h">
      <Filter>Header Files</Filter>
    </ClInclude>
    <ClInclude Include="importexport\FileSupportCSV.h">
      <Filter>Header Files</Filter>
    </ClInclude>
    <ClInclude Include="AmalgamVersion.h">
      <Filter>Header Files</Filter>
    </ClInclude>
    <ClInclude Include="FilenameEscapeProcessor.h">
      <Filter>Header Files</Filter>
    </ClInclude>
    <ClInclude Include="Conviction.h">
      <Filter>Header Files</Filter>
    </ClInclude>
    <ClInclude Include="PartialSum.h">
      <Filter>Header Files</Filter>
    </ClInclude>
    <ClInclude Include="IntegerSet.h">
      <Filter>Header Files</Filter>
    </ClInclude>
    <ClInclude Include="SeparableBoxFilterDataStore.h">
      <Filter>Header Files</Filter>
    </ClInclude>
    <ClInclude Include="rand\WeightedDiscreteRandomStream.h">
      <Filter>Header Files</Filter>
    </ClInclude>
    <ClInclude Include="rand\RandomStream.h">
      <Filter>Header Files</Filter>
    </ClInclude>
    <ClInclude Include="Concurrency.h">
      <Filter>Header Files</Filter>
    </ClInclude>
    <ClInclude Include="ThreadPool.h">
      <Filter>Header Files</Filter>
    </ClInclude>
    <ClInclude Include="KnnCache.h">
      <Filter>Header Files</Filter>
    </ClInclude>
    <ClInclude Include="ConvictionUtil.h">
      <Filter>Header Files</Filter>
    </ClInclude>
    <ClInclude Include="DistanceReferencePair.h">
      <Filter>Header Files</Filter>
    </ClInclude>
    <ClInclude Include="SBFDSColumnData.h">
      <Filter>Header Files</Filter>
    </ClInclude>
    <ClInclude Include="Merger.h">
      <Filter>Header Files</Filter>
    </ClInclude>
    <ClInclude Include="Opcodes.h">
      <Filter>Header Files</Filter>
    </ClInclude>
    <ClInclude Include="Parser.h">
      <Filter>Header Files</Filter>
    </ClInclude>
    <ClInclude Include="PerformanceProfiler.h">
      <Filter>Header Files</Filter>
    </ClInclude>
    <ClInclude Include="Cryptography.h">
      <Filter>Header Files</Filter>
    </ClInclude>
    <ClInclude Include="DateTimeFormat.h">
      <Filter>Header Files</Filter>
    </ClInclude>
    <ClInclude Include="entity\Entity.h">
      <Filter>Header Files</Filter>
    </ClInclude>
    <ClInclude Include="entity\EntityExternalInterface.h">
      <Filter>Header Files</Filter>
    </ClInclude>
    <ClInclude Include="entity\EntityManipulation.h">
      <Filter>Header Files</Filter>
    </ClInclude>
    <ClInclude Include="entity\EntityQueries.h">
      <Filter>Header Files</Filter>
    </ClInclude>
    <ClInclude Include="entity\EntityQueriesStatistics.h">
      <Filter>Header Files</Filter>
    </ClInclude>
    <ClInclude Include="entity\EntityQueryBuilder.h">
      <Filter>Header Files</Filter>
    </ClInclude>
    <ClInclude Include="entity\EntityQueryCaches.h">
      <Filter>Header Files</Filter>
    </ClInclude>
    <ClInclude Include="entity\EntityQueryManager.h">
      <Filter>Header Files</Filter>
    </ClInclude>
    <ClInclude Include="entity\EntityWriteListener.h">
      <Filter>Header Files</Filter>
    </ClInclude>
    <ClInclude Include="evaluablenode\EvaluableNode.h">
      <Filter>Header Files</Filter>
    </ClInclude>
    <ClInclude Include="evaluablenode\EvaluableNodeManagement.h">
      <Filter>Header Files</Filter>
    </ClInclude>
    <ClInclude Include="evaluablenode\EvaluableNodeTreeDifference.h">
      <Filter>Header Files</Filter>
    </ClInclude>
    <ClInclude Include="evaluablenode\EvaluableNodeTreeFunctions.h">
      <Filter>Header Files</Filter>
    </ClInclude>
    <ClInclude Include="evaluablenode\EvaluableNodeTreeManipulation.h">
      <Filter>Header Files</Filter>
    </ClInclude>
    <ClInclude Include="FastEMath.h">
      <Filter>Header Files</Filter>
    </ClInclude>
    <ClInclude Include="HashMaps.h">
      <Filter>Header Files</Filter>
    </ClInclude>
    <ClInclude Include="interpreter\Interpreter.h">
      <Filter>Header Files</Filter>
    </ClInclude>
    <ClInclude Include="string\StringInternPool.h">
      <Filter>Header Files</Filter>
    </ClInclude>
    <ClInclude Include="string\StringManipulation.h">
      <Filter>Header Files</Filter>
    </ClInclude>
    <ClInclude Include="..\3rd_party\date\date.h">
      <Filter>Header Files</Filter>
    </ClInclude>
    <ClInclude Include="..\3rd_party\date\ios.h">
      <Filter>Header Files</Filter>
    </ClInclude>
    <ClInclude Include="..\3rd_party\date\tz.h">
      <Filter>Header Files</Filter>
    </ClInclude>
    <ClInclude Include="..\3rd_party\date\tz_private.h">
      <Filter>Header Files</Filter>
    </ClInclude>
    <ClInclude Include="..\3rd_party\murmurhash3\MurmurHash3.h">
      <Filter>Header Files</Filter>
    </ClInclude>
    <ClInclude Include="..\3rd_party\simdjson\simdjson.h">
      <Filter>Header Files</Filter>
    </ClInclude>
    <ClInclude Include="..\3rd_party\skarupke_maps\bytell_hash_map.hpp">
      <Filter>Header Files</Filter>
    </ClInclude>
    <ClInclude Include="..\3rd_party\skarupke_maps\flat_hash_map.hpp">
      <Filter>Header Files</Filter>
    </ClInclude>
    <ClInclude Include="..\3rd_party\swiftdtoa\SwiftDtoa.h">
      <Filter>Header Files</Filter>
    </ClInclude>
    <ClInclude Include="..\3rd_party\tweetnacl\tweetnacl.h">
      <Filter>Header Files</Filter>
    </ClInclude>
    <ClInclude Include="..\3rd_party\fast_log\src\exp_table.h">
      <Filter>Header Files</Filter>
    </ClInclude>
    <ClInclude Include="importexport\FileSupportYAML.h">
      <Filter>Header Files</Filter>
    </ClInclude>
  </ItemGroup>
  <ItemGroup>
    <ResourceCompile Include="Resource.rc">
      <Filter>Resource Files</Filter>
    </ResourceCompile>
  </ItemGroup>
  <ItemGroup>
    <Image Include="$(SolutionDir)/docs/icon/amalgam.ico">
      <Filter>Resource Files</Filter>
    </Image>
  </ItemGroup>
  <ItemGroup>
    <Text Include="out.txt" />
  </ItemGroup>
</Project>